
Microsoft Visual Studio Solution File, Format Version 12.00
# Visual Studio Version 16
VisualStudioVersion = 16.0.33027.164
MinimumVisualStudioVersion = 10.0.40219.1
Project("{FAE04EC0-301F-11D3-BF4B-00C04F79EFBC}") = "delegate_with_argument", "delegate_with_argument\delegate_with_argument.csproj", "{53D71098-2F5C-4903-89AC-26F6BA151721}"
EndProject
Global
	GlobalSection(SolutionConfigurationPlatforms) = preSolution
		Debug|Any CPU = Debug|Any CPU
		Release|Any CPU = Release|Any CPU
	EndGlobalSection
	GlobalSection(ProjectConfigurationPlatforms) = postSolution
		{53D71098-2F5C-4903-89AC-26F6BA151721}.Debug|Any CPU.ActiveCfg = Debug|Any CPU
		{53D71098-2F5C-4903-89AC-26F6BA151721}.Debug|Any CPU.Build.0 = Debug|Any CPU
		{53D71098-2F5C-4903-89AC-26F6BA151721}.Release|Any CPU.ActiveCfg = Release|Any CPU
		{53D71098-2F5C-4903-89AC-26F6BA151721}.Release|Any CPU.Build.0 = Release|Any CPU
	EndGlobalSection
	GlobalSection(SolutionProperties) = preSolution
		HideSolutionNode = FALSE
	EndGlobalSection
	GlobalSection(ExtensibilityGlobals) = postSolution
		SolutionGuid = {A0229CF5-A9A9-485D-BFD3-0857885591FE}
	EndGlobalSection
EndGlobal
